
Microsoft Visual Studio Solution File, Format Version 12.00
# Visual Studio Version 17
VisualStudioVersion = 17.4.33213.308
MinimumVisualStudioVersion = 10.0.40219.1
Project("{FAE04EC0-301F-11D3-BF4B-00C04F79EFBC}") = "konsol_denemeleri", "konsol_denemeleri\konsol_denemeleri.csproj", "{DA241733-18D5-4DA5-85A6-4A4B8290B19C}"
EndProject
Global
	GlobalSection(SolutionConfigurationPlatforms) = preSolution
		Debug|Any CPU = Debug|Any CPU
		Release|Any CPU = Release|Any CPU
	EndGlobalSection
	GlobalSection(ProjectConfigurationPlatforms) = postSolution
		{DA241733-18D5-4DA5-85A6-4A4B8290B19C}.Debug|Any CPU.ActiveCfg = Debug|Any CPU
		{DA241733-18D5-4DA5-85A6-4A4B8290B19C}.Debug|Any CPU.Build.0 = Debug|Any CPU
		{DA241733-18D5-4DA5-85A6-4A4B8290B19C}.Release|Any CPU.ActiveCfg = Release|Any CPU
		{DA241733-18D5-4DA5-85A6-4A4B8290B19C}.Release|Any CPU.Build.0 = Release|Any CPU
	EndGlobalSection
	GlobalSection(SolutionProperties) = preSolution
		HideSolutionNode = FALSE
	EndGlobalSection
	GlobalSection(ExtensibilityGlobals) = postSolution
		SolutionGuid = {F5A395D1-838F-4BD5-A451-31C0A5BEBCEE}
	EndGlobalSection
EndGlobal
