
Microsoft Visual Studio Solution File, Format Version 12.00
# Visual Studio Version 17
VisualStudioVersion = 17.5.33530.505
MinimumVisualStudioVersion = 10.0.40219.1
Project("{FAE04EC0-301F-11D3-BF4B-00C04F79EFBC}") = "algoritma soruları", "algoritma soruları\algoritma soruları.csproj", "{33032B33-10F3-41E7-9D08-DD1CD45C4D90}"
EndProject
Global
	GlobalSection(SolutionConfigurationPlatforms) = preSolution
		Debug|Any CPU = Debug|Any CPU
		Release|Any CPU = Release|Any CPU
	EndGlobalSection
	GlobalSection(ProjectConfigurationPlatforms) = postSolution
		{33032B33-10F3-41E7-9D08-DD1CD45C4D90}.Debug|Any CPU.ActiveCfg = Debug|Any CPU
		{33032B33-10F3-41E7-9D08-DD1CD45C4D90}.Debug|Any CPU.Build.0 = Debug|Any CPU
		{33032B33-10F3-41E7-9D08-DD1CD45C4D90}.Release|Any CPU.ActiveCfg = Release|Any CPU
		{33032B33-10F3-41E7-9D08-DD1CD45C4D90}.Release|Any CPU.Build.0 = Release|Any CPU
	EndGlobalSection
	GlobalSection(SolutionProperties) = preSolution
		HideSolutionNode = FALSE
	EndGlobalSection
	GlobalSection(ExtensibilityGlobals) = postSolution
		SolutionGuid = {6AE99A89-DE48-423E-B762-46AFD243C0AB}
	EndGlobalSection
EndGlobal
