
Microsoft Visual Studio Solution File, Format Version 12.00
# Visual Studio Version 17
VisualStudioVersion = 17.4.33213.308
MinimumVisualStudioVersion = 10.0.40219.1
Project("{FAE04EC0-301F-11D3-BF4B-00C04F79EFBC}") = "tanımlama_erişim_ve_döngülerle_dizi_kullanımı", "tanımlama_erişim_ve_döngülerle_dizi_kullanımı\tanımlama_erişim_ve_döngülerle_dizi_kullanımı.csproj", "{B1B8F9C2-F2D2-456C-8736-607490E18598}"
EndProject
Global
	GlobalSection(SolutionConfigurationPlatforms) = preSolution
		Debug|Any CPU = Debug|Any CPU
		Release|Any CPU = Release|Any CPU
	EndGlobalSection
	GlobalSection(ProjectConfigurationPlatforms) = postSolution
		{B1B8F9C2-F2D2-456C-8736-607490E18598}.Debug|Any CPU.ActiveCfg = Debug|Any CPU
		{B1B8F9C2-F2D2-456C-8736-607490E18598}.Debug|Any CPU.Build.0 = Debug|Any CPU
		{B1B8F9C2-F2D2-456C-8736-607490E18598}.Release|Any CPU.ActiveCfg = Release|Any CPU
		{B1B8F9C2-F2D2-456C-8736-607490E18598}.Release|Any CPU.Build.0 = Release|Any CPU
	EndGlobalSection
	GlobalSection(SolutionProperties) = preSolution
		HideSolutionNode = FALSE
	EndGlobalSection
	GlobalSection(ExtensibilityGlobals) = postSolution
		SolutionGuid = {8D9D8170-7534-4D41-9CCE-83EACCFD120B}
	EndGlobalSection
EndGlobal
