
Microsoft Visual Studio Solution File, Format Version 12.00
# Visual Studio Version 17
VisualStudioVersion = 17.4.33213.308
MinimumVisualStudioVersion = 10.0.40219.1
Project("{FAE04EC0-301F-11D3-BF4B-00C04F79EFBC}") = "metot_tanımlama", "metot_tanımlama\metot_tanımlama.csproj", "{19DDDD09-C5F4-4E5E-8078-6554E0E7D087}"
EndProject
Global
	GlobalSection(SolutionConfigurationPlatforms) = preSolution
		Debug|Any CPU = Debug|Any CPU
		Release|Any CPU = Release|Any CPU
	EndGlobalSection
	GlobalSection(ProjectConfigurationPlatforms) = postSolution
		{19DDDD09-C5F4-4E5E-8078-6554E0E7D087}.Debug|Any CPU.ActiveCfg = Debug|Any CPU
		{19DDDD09-C5F4-4E5E-8078-6554E0E7D087}.Debug|Any CPU.Build.0 = Debug|Any CPU
		{19DDDD09-C5F4-4E5E-8078-6554E0E7D087}.Release|Any CPU.ActiveCfg = Release|Any CPU
		{19DDDD09-C5F4-4E5E-8078-6554E0E7D087}.Release|Any CPU.Build.0 = Release|Any CPU
	EndGlobalSection
	GlobalSection(SolutionProperties) = preSolution
		HideSolutionNode = FALSE
	EndGlobalSection
	GlobalSection(ExtensibilityGlobals) = postSolution
		SolutionGuid = {62B7FA1C-1687-4A40-A10E-345FD4820956}
	EndGlobalSection
EndGlobal
